
Microsoft Visual Studio Solution File, Format Version 12.00
# Visual Studio Version 17
VisualStudioVersion = 17.3.32811.315
MinimumVisualStudioVersion = 10.0.40219.1
Project("{9A19103F-16F7-4668-BE54-9A1E7A4F7556}") = "Document Genaration", "Document Genaration\Document Genaration.csproj", "{D285925A-FF5F-4953-9DC1-7B78444A5B5B}"
EndProject
Project("{FAE04EC0-301F-11D3-BF4B-00C04F79EFBC}") = "SaveTemplateTestProject", "SaveTemplateTestProject\SaveTemplateTestProject.csproj", "{977F6A79-E99F-4424-8967-8901D027AB1F}"
EndProject
Project("{FAE04EC0-301F-11D3-BF4B-00C04F79EFBC}") = "DocumentGenarationTest", "DocumentGenarationTest\DocumentGenarationTest.csproj", "{FCC9DC1D-04A3-4563-95A9-575722C651D6}"
EndProject
Global
	GlobalSection(SolutionConfigurationPlatforms) = preSolution
		Debug|Any CPU = Debug|Any CPU
		Release|Any CPU = Release|Any CPU
	EndGlobalSection
	GlobalSection(ProjectConfigurationPlatforms) = postSolution
		{D285925A-FF5F-4953-9DC1-7B78444A5B5B}.Debug|Any CPU.ActiveCfg = Debug|Any CPU
		{D285925A-FF5F-4953-9DC1-7B78444A5B5B}.Debug|Any CPU.Build.0 = Debug|Any CPU
		{D285925A-FF5F-4953-9DC1-7B78444A5B5B}.Release|Any CPU.ActiveCfg = Release|Any CPU
		{D285925A-FF5F-4953-9DC1-7B78444A5B5B}.Release|Any CPU.Build.0 = Release|Any CPU
		{977F6A79-E99F-4424-8967-8901D027AB1F}.Debug|Any CPU.ActiveCfg = Debug|Any CPU
		{977F6A79-E99F-4424-8967-8901D027AB1F}.Debug|Any CPU.Build.0 = Debug|Any CPU
		{977F6A79-E99F-4424-8967-8901D027AB1F}.Release|Any CPU.ActiveCfg = Release|Any CPU
		{977F6A79-E99F-4424-8967-8901D027AB1F}.Release|Any CPU.Build.0 = Release|Any CPU
		{FCC9DC1D-04A3-4563-95A9-575722C651D6}.Debug|Any CPU.ActiveCfg = Debug|Any CPU
		{FCC9DC1D-04A3-4563-95A9-575722C651D6}.Debug|Any CPU.Build.0 = Debug|Any CPU
		{FCC9DC1D-04A3-4563-95A9-575722C651D6}.Release|Any CPU.ActiveCfg = Release|Any CPU
		{FCC9DC1D-04A3-4563-95A9-575722C651D6}.Release|Any CPU.Build.0 = Release|Any CPU
	EndGlobalSection
	GlobalSection(SolutionProperties) = preSolution
		HideSolutionNode = FALSE
	EndGlobalSection
	GlobalSection(ExtensibilityGlobals) = postSolution
		SolutionGuid = {78A0D720-5056-401C-95C9-289345634D4F}
	EndGlobalSection
EndGlobal
